
Microsoft Visual Studio Solution File, Format Version 12.00
# Visual Studio Version 17
VisualStudioVersion = 17.9.34616.47
MinimumVisualStudioVersion = 10.0.40219.1
Project("{FAE04EC0-301F-11D3-BF4B-00C04F79EFBC}") = "Nest", "Nest\Nest.csproj", "{DACC145E-2823-4A14-A476-69504671C864}"
EndProject
Global
	GlobalSection(SolutionConfigurationPlatforms) = preSolution
		Debug|Any CPU = Debug|Any CPU
		Release|Any CPU = Release|Any CPU
	EndGlobalSection
	GlobalSection(ProjectConfigurationPlatforms) = postSolution
		{DACC145E-2823-4A14-A476-69504671C864}.Debug|Any CPU.ActiveCfg = Debug|Any CPU
		{DACC145E-2823-4A14-A476-69504671C864}.Debug|Any CPU.Build.0 = Debug|Any CPU
		{DACC145E-2823-4A14-A476-69504671C864}.Release|Any CPU.ActiveCfg = Release|Any CPU
		{DACC145E-2823-4A14-A476-69504671C864}.Release|Any CPU.Build.0 = Release|Any CPU
	EndGlobalSection
	GlobalSection(SolutionProperties) = preSolution
		HideSolutionNode = FALSE
	EndGlobalSection
	GlobalSection(ExtensibilityGlobals) = postSolution
		SolutionGuid = {BE9DAF46-81C6-48B7-89C3-2547CABC5E9A}
	EndGlobalSection
EndGlobal
